{
  "originHash" : "623f7803e76467871fd83b1090c87ed5c4f6950fd384afc23662c5a7593d87e8",
  "pins" : [
    {
      "identity" : "factory",
      "kind" : "remoteSourceControl",
      "location" : "https://github.com/hmlongco/Factory.git",
      "state" : {
        "revision" : "27717e148c0c1ed2998f687a8e98d9395d684abf",
        "version" : "3.3.2"
      }
    }
  ],
  "version" : 3
}
