{
  "originHash" : "c29d31472d4c3cbad2887926f527ed131ab7a6d52a7f40ccb8f32811a17d931d",
  "pins" : [
    {
      "identity" : "factory",
      "kind" : "remoteSourceControl",
      "location" : "https://github.com/hmlongco/Factory.git",
      "state" : {
        "revision" : "39d340fbfc4eb79a8981e9166083cda011a6b3f8",
        "version" : "3.4.1"
      }
    }
  ],
  "version" : 3
}
