{
  "originHash" : "8b34b92e9d199c91bdf998d80fee2299b1056d4c228acb96e5ceb1f6aef46021",
  "pins" : [
    {
      "identity" : "factory",
      "kind" : "remoteSourceControl",
      "location" : "https://github.com/hmlongco/Factory.git",
      "state" : {
        "revision" : "4654b75ad36733d5d1d415bea10da794d0c4592e",
        "version" : "3.3.1"
      }
    }
  ],
  "version" : 3
}
